{
  "name": "trmnl-image-agent",
  "version": "file:../../../../../../../private/var/folders/2f/_dv5csjs2830rrsf6gxgkr_m0000gn/T/tmp.tS5iyH4Mwl/trmnl-image-agent",
  "lockfileVersion": 3,
  "requires": true,
  "packages": {
    "": {
      "dependencies": {
        "dotenv": "^17.2.3"
      }
    },
    "../../../../../../../private/var/folders/2f/_dv5csjs2830rrsf6gxgkr_m0000gn/T/tmp.tS5iyH4Mwl/trmnl-image-agent/node_modules/dotenv": {
      "version": "17.4.2",
      "resolved": "https://registry.npmjs.org/dotenv/-/dotenv-17.4.2.tgz",
      "integrity": "sha512-nI4U3TottKAcAD9LLud4Cb7b2QztQMUEfHbvhTH09bqXTxnSie8WnjPALV/WMCrJZ6UV/qHJ6L03OqO3LcdYZw==",
      "engines": {
        "node": ">=12"
      },
      "funding": {
        "url": "https://dotenvx.com"
      }
    }
  }
}
